{
  "name": "PrinterRep",
  "lockfileVersion": 2,
  "requires": true,
  "packages": {
    "": {
      "dependencies": {
        "@scania/grid": "^2.0.1"
      }
    },
    "node_modules/@scania/grid": {
      "version": "2.0.1",
      "resolved": "https://registry.npmjs.org/@scania/grid/-/grid-2.0.1.tgz",
      "integrity": "sha512-uSo1zb4Jp91vQ908ilHHOGFX1MSLSd2J6iOMvrO9yOcPNn9b5/DzNnFs4rCGtaXQyQc9AcKSbffkMRzEV7Feog=="
    }
  },
  "dependencies": {
    "@scania/grid": {
      "version": "2.0.1",
      "resolved": "https://registry.npmjs.org/@scania/grid/-/grid-2.0.1.tgz",
      "integrity": "sha512-uSo1zb4Jp91vQ908ilHHOGFX1MSLSd2J6iOMvrO9yOcPNn9b5/DzNnFs4rCGtaXQyQc9AcKSbffkMRzEV7Feog=="
    }
  }
}
